# Generated by pub
# See https://dart.dev/tools/pub/glossary#lockfile
packages:
  agora_chat_sdk:
    dependency: "direct main"
    description:
      name: agora_chat_sdk
      sha256: "0ba3ef7063e0af94b3eb3eb7d86cad839f4b0b86b030458b32b9f2cfeb94ebb1"
      url: "https://pub.dev"
    source: hosted
    version: "1.4.0"
  agora_chat_sdk_android:
    dependency: transitive
    description:
      name: agora_chat_sdk_android
      sha256: f6ffc5eeff01d128cee5d90c8ab2fd649a7d46b44e160d97e11a35cb31490124
      url: "https://pub.dev"
    source: hosted
    version: "1.4.0"
  agora_chat_sdk_interface:
    dependency: transitive
    description:
      name: agora_chat_sdk_interface
      sha256: "9c10e1a14a0dd427d1077b7ea8af6c4e82ebe7093db8808525c14389516f8b5a"
      url: "https://pub.dev"
    source: hosted
    version: "1.4.0"
  agora_chat_sdk_ios:
    dependency: transitive
    description:
      name: agora_chat_sdk_ios
      sha256: bb85c5961be4dd14dca17405e3cb7bdde3d35c7bf8e0ed31baf4eaba7f866d9c
      url: "https://pub.dev"
    source: hosted
    version: "1.4.0"
  async:
    dependency: transitive
    description:
      name: async
      sha256: d2872f9c19731c2e5f10444b14686eb7cc85c76274bd6c16e1816bff9a3bab63
      url: "https://pub.dev"
    source: hosted
    version: "2.12.0"
  audioplayers:
    dependency: "direct main"
    description:
      name: audioplayers
      sha256: "752039d6aa752597c98ec212e9759519061759e402e7da59a511f39d43aa07d2"
      url: "https://pub.dev"
    source: hosted
    version: "6.0.0"
  audioplayers_android:
    dependency: transitive
    description:
      name: audioplayers_android
      sha256: f8c90823a45b475d2c129f85bbda9c029c8d4450b172f62e066564c6e170f69a
      url: "https://pub.dev"
    source: hosted
    version: "5.2.0"
  audioplayers_darwin:
    dependency: transitive
    description:
      name: audioplayers_darwin
      sha256: "405cdbd53ebdb4623f1c5af69f275dad4f930ce895512d5261c07cd95d23e778"
      url: "https://pub.dev"
    source: hosted
    version: "6.2.0"
  audioplayers_linux:
    dependency: transitive
    description:
      name: audioplayers_linux
      sha256: "7e0d081a6a527c53aef9539691258a08ff69a7dc15ef6335fbea1b4b03ebbef0"
      url: "https://pub.dev"
    source: hosted
    version: "4.2.0"
  audioplayers_platform_interface:
    dependency: transitive
    description:
      name: audioplayers_platform_interface
      sha256: "77e5fa20fb4a64709158391c75c1cca69a481d35dc879b519e350a05ff520373"
      url: "https://pub.dev"
    source: hosted
    version: "7.1.0"
  audioplayers_web:
    dependency: transitive
    description:
      name: audioplayers_web
      sha256: bd99d8821114747682a2be0adcdb70233d4697af989b549d3a20a0f49f6c9b13
      url: "https://pub.dev"
    source: hosted
    version: "5.1.0"
  audioplayers_windows:
    dependency: transitive
    description:
      name: audioplayers_windows
      sha256: "871d3831c25cd2408ddc552600fd4b32fba675943e319a41284704ee038ad563"
      url: "https://pub.dev"
    source: hosted
    version: "4.2.0"
  boolean_selector:
    dependency: transitive
    description:
      name: boolean_selector
      sha256: "8aab1771e1243a5063b8b0ff68042d67334e3feab9e95b9490f9a6ebf73b42ea"
      url: "https://pub.dev"
    source: hosted
    version: "2.1.2"
  cached_network_image:
    dependency: "direct main"
    description:
      name: cached_network_image
      sha256: "28ea9690a8207179c319965c13cd8df184d5ee721ae2ce60f398ced1219cea1f"
      url: "https://pub.dev"
    source: hosted
    version: "3.3.1"
  cached_network_image_platform_interface:
    dependency: transitive
    description:
      name: cached_network_image_platform_interface
      sha256: "35814b016e37fbdc91f7ae18c8caf49ba5c88501813f73ce8a07027a395e2829"
      url: "https://pub.dev"
    source: hosted
    version: "4.1.1"
  cached_network_image_web:
    dependency: transitive
    description:
      name: cached_network_image_web
      sha256: "6322dde7a5ad92202e64df659241104a43db20ed594c41ca18de1014598d7996"
      url: "https://pub.dev"
    source: hosted
    version: "1.3.0"
  characters:
    dependency: transitive
    description:
      name: characters
      sha256: faf38497bda5ead2a8c7615f4f7939df04333478bf32e4173fcb06d428b5716b
      url: "https://pub.dev"
    source: hosted
    version: "1.4.1"
  chat_uikit_keyboard_panel:
    dependency: "direct main"
    description:
      name: chat_uikit_keyboard_panel
      sha256: "842da662584b2c1a0f4c2051de37aa65c48fdaa68e70fa2dab87eb5eb60dbac7"
      url: "https://pub.dev"
    source: hosted
    version: "0.1.1"
  chat_uikit_theme:
    dependency: "direct main"
    description:
      name: chat_uikit_theme
      sha256: a25ae9f2294ab00883f9dfbc8c506e6034b8605e2fdd12082ccd9411c25fecca
      url: "https://pub.dev"
    source: hosted
    version: "1.0.4"
  clock:
    dependency: transitive
    description:
      name: clock
      sha256: fddb70d9b5277016c77a80201021d40a2247104d9f4aa7bab7157b7e3f05b84b
      url: "https://pub.dev"
    source: hosted
    version: "1.1.2"
  collection:
    dependency: transitive
    description:
      name: collection
      sha256: "2f5709ae4d3d59dd8f7cd309b4e023046b57d8a6c82130785d2b0e5868084e76"
      url: "https://pub.dev"
    source: hosted
    version: "1.19.1"
  cross_file:
    dependency: transitive
    description:
      name: cross_file
      sha256: "7caf6a750a0c04effbb52a676dce9a4a592e10ad35c34d6d2d0e4811160d5670"
      url: "https://pub.dev"
    source: hosted
    version: "0.3.4+2"
  crypto:
    dependency: transitive
    description:
      name: crypto
      sha256: "1e445881f28f22d6140f181e07737b22f1e099a5e1ff94b0af2f9e4a463f4855"
      url: "https://pub.dev"
    source: hosted
    version: "3.0.6"
  csslib:
    dependency: transitive
    description:
      name: csslib
      sha256: "09bad715f418841f976c77db72d5398dc1253c21fb9c0c7f0b0b985860b2d58e"
      url: "https://pub.dev"
    source: hosted
    version: "1.0.2"
  fake_async:
    dependency: transitive
    description:
      name: fake_async
      sha256: "5368f224a74523e8d2e7399ea1638b37aecfca824a3cc4dfdf77bf1fa905ac44"
      url: "https://pub.dev"
    source: hosted
    version: "1.3.3"
  ffi:
    dependency: transitive
    description:
      name: ffi
      sha256: "16ed7b077ef01ad6170a3d0c57caa4a112a38d7a2ed5602e0aca9ca6f3d98da6"
      url: "https://pub.dev"
    source: hosted
    version: "2.1.3"
  file:
    dependency: transitive
    description:
      name: file
      sha256: a3b4f84adafef897088c160faf7dfffb7696046cb13ae90b508c2cbc95d3b8d4
      url: "https://pub.dev"
    source: hosted
    version: "7.0.1"
  file_picker:
    dependency: "direct main"
    description:
      name: file_picker
      sha256: "7423298f08f6fc8cce05792bae329f9a93653fc9c08712831b1a55540127995d"
      url: "https://pub.dev"
    source: hosted
    version: "9.0.2"
  file_selector_linux:
    dependency: transitive
    description:
      name: file_selector_linux
      sha256: "54cbbd957e1156d29548c7d9b9ec0c0ebb6de0a90452198683a7d23aed617a33"
      url: "https://pub.dev"
    source: hosted
    version: "0.9.3+2"
  file_selector_macos:
    dependency: transitive
    description:
      name: file_selector_macos
      sha256: "271ab9986df0c135d45c3cdb6bd0faa5db6f4976d3e4b437cf7d0f258d941bfc"
      url: "https://pub.dev"
    source: hosted
    version: "0.9.4+2"
  file_selector_platform_interface:
    dependency: transitive
    description:
      name: file_selector_platform_interface
      sha256: a3994c26f10378a039faa11de174d7b78eb8f79e4dd0af2a451410c1a5c3f66b
      url: "https://pub.dev"
    source: hosted
    version: "2.6.2"
  file_selector_windows:
    dependency: transitive
    description:
      name: file_selector_windows
      sha256: "320fcfb6f33caa90f0b58380489fc5ac05d99ee94b61aa96ec2bff0ba81d3c2b"
      url: "https://pub.dev"
    source: hosted
    version: "0.9.3+4"
  fixnum:
    dependency: transitive
    description:
      name: fixnum
      sha256: b6dc7065e46c974bc7c5f143080a6764ec7a4be6da1285ececdc37be96de53be
      url: "https://pub.dev"
    source: hosted
    version: "1.1.1"
  flutter:
    dependency: "direct main"
    description: flutter
    source: sdk
    version: "0.0.0"
  flutter_cache_manager:
    dependency: transitive
    description:
      name: flutter_cache_manager
      sha256: "400b6592f16a4409a7f2bb929a9a7e38c72cceb8ffb99ee57bbf2cb2cecf8386"
      url: "https://pub.dev"
    source: hosted
    version: "3.4.1"
  flutter_lints:
    dependency: "direct dev"
    description:
      name: flutter_lints
      sha256: a25a15ebbdfc33ab1cd26c63a6ee519df92338a9c10f122adda92938253bef04
      url: "https://pub.dev"
    source: hosted
    version: "2.0.3"
  flutter_localization:
    dependency: "direct main"
    description:
      name: flutter_localization
      sha256: faaeb1eba307473032e2c2af737f36ced61fc98735608410d0a6d9c231b50912
      url: "https://pub.dev"
    source: hosted
    version: "0.2.0"
  flutter_localizations:
    dependency: transitive
    description: flutter
    source: sdk
    version: "0.0.0"
  flutter_plugin_android_lifecycle:
    dependency: transitive
    description:
      name: flutter_plugin_android_lifecycle
      sha256: "5a1e6fb2c0561958d7e4c33574674bda7b77caaca7a33b758876956f2902eea3"
      url: "https://pub.dev"
    source: hosted
    version: "2.0.27"
  flutter_test:
    dependency: "direct dev"
    description: flutter
    source: sdk
    version: "0.0.0"
  flutter_web_plugins:
    dependency: transitive
    description: flutter
    source: sdk
    version: "0.0.0"
  get_thumbnail_video:
    dependency: "direct main"
    description:
      name: get_thumbnail_video
      sha256: ff61495b42051765d2a9e93bd14dac7ede5853033837bde71c27575a192c53fc
      url: "https://pub.dev"
    source: hosted
    version: "0.7.3"
  html:
    dependency: "direct main"
    description:
      name: html
      sha256: "1fc58edeaec4307368c60d59b7e15b9d658b57d7f3125098b6294153c75337ec"
      url: "https://pub.dev"
    source: hosted
    version: "0.15.5"
  http:
    dependency: transitive
    description:
      name: http
      sha256: fe7ab022b76f3034adc518fb6ea04a82387620e19977665ea18d30a1cf43442f
      url: "https://pub.dev"
    source: hosted
    version: "1.3.0"
  http_parser:
    dependency: transitive
    description:
      name: http_parser
      sha256: "178d74305e7866013777bab2c3d8726205dc5a4dd935297175b19a23a2e66571"
      url: "https://pub.dev"
    source: hosted
    version: "4.1.2"
  image_picker:
    dependency: "direct main"
    description:
      name: image_picker
      sha256: "021834d9c0c3de46bf0fe40341fa07168407f694d9b2bb18d532dc1261867f7a"
      url: "https://pub.dev"
    source: hosted
    version: "1.1.2"
  image_picker_android:
    dependency: transitive
    description:
      name: image_picker_android
      sha256: c0a6763d50b354793d0192afd0a12560b823147d3ded7c6b77daf658fa05cc85
      url: "https://pub.dev"
    source: hosted
    version: "0.8.12+13"
  image_picker_for_web:
    dependency: transitive
    description:
      name: image_picker_for_web
      sha256: "717eb042ab08c40767684327be06a5d8dbb341fe791d514e4b92c7bbe1b7bb83"
      url: "https://pub.dev"
    source: hosted
    version: "3.0.6"
  image_picker_ios:
    dependency: transitive
    description:
      name: image_picker_ios
      sha256: "05da758e67bc7839e886b3959848aa6b44ff123ab4b28f67891008afe8ef9100"
      url: "https://pub.dev"
    source: hosted
    version: "0.8.12+2"
  image_picker_linux:
    dependency: transitive
    description:
      name: image_picker_linux
      sha256: "4ed1d9bb36f7cd60aa6e6cd479779cc56a4cb4e4de8f49d487b1aaad831300fa"
      url: "https://pub.dev"
    source: hosted
    version: "0.2.1+1"
  image_picker_macos:
    dependency: transitive
    description:
      name: image_picker_macos
      sha256: "1b90ebbd9dcf98fb6c1d01427e49a55bd96b5d67b8c67cf955d60a5de74207c1"
      url: "https://pub.dev"
    source: hosted
    version: "0.2.1+2"
  image_picker_platform_interface:
    dependency: transitive
    description:
      name: image_picker_platform_interface
      sha256: "886d57f0be73c4b140004e78b9f28a8914a09e50c2d816bdd0520051a71236a0"
      url: "https://pub.dev"
    source: hosted
    version: "2.10.1"
  image_picker_windows:
    dependency: transitive
    description:
      name: image_picker_windows
      sha256: "6ad07afc4eb1bc25f3a01084d28520496c4a3bb0cb13685435838167c9dcedeb"
      url: "https://pub.dev"
    source: hosted
    version: "0.2.1+1"
  intl:
    dependency: transitive
    description:
      name: intl
      sha256: "3df61194eb431efc39c4ceba583b95633a403f46c9fd341e550ce0bfa50e9aa5"
      url: "https://pub.dev"
    source: hosted
    version: "0.20.2"
  leak_tracker:
    dependency: transitive
    description:
      name: leak_tracker
      sha256: "33e2e26bdd85a0112ec15400c8cbffea70d0f9c3407491f672a2fad47915e2de"
      url: "https://pub.dev"
    source: hosted
    version: "11.0.2"
  leak_tracker_flutter_testing:
    dependency: transitive
    description:
      name: leak_tracker_flutter_testing
      sha256: "1dbc140bb5a23c75ea9c4811222756104fbcd1a27173f0c34ca01e16bea473c1"
      url: "https://pub.dev"
    source: hosted
    version: "3.0.10"
  leak_tracker_testing:
    dependency: transitive
    description:
      name: leak_tracker_testing
      sha256: "8d5a2d49f4a66b49744b23b018848400d23e54caf9463f4eb20df3eb8acb2eb1"
      url: "https://pub.dev"
    source: hosted
    version: "3.0.2"
  lints:
    dependency: transitive
    description:
      name: lints
      sha256: "0a217c6c989d21039f1498c3ed9f3ed71b354e69873f13a8dfc3c9fe76f1b452"
      url: "https://pub.dev"
    source: hosted
    version: "2.1.1"
  matcher:
    dependency: transitive
    description:
      name: matcher
      sha256: dc0b7dc7651697ea4ff3e69ef44b0407ea32c487a39fff6a4004fa585e901861
      url: "https://pub.dev"
    source: hosted
    version: "0.12.19"
  material_color_utilities:
    dependency: transitive
    description:
      name: material_color_utilities
      sha256: "9c337007e82b1889149c82ed242ed1cb24a66044e30979c44912381e9be4c48b"
      url: "https://pub.dev"
    source: hosted
    version: "0.13.0"
  meta:
    dependency: transitive
    description:
      name: meta
      sha256: "23f08335362185a5ea2ad3a4e597f1375e78bce8a040df5c600c8d3552ef2394"
      url: "https://pub.dev"
    source: hosted
    version: "1.17.0"
  mime:
    dependency: transitive
    description:
      name: mime
      sha256: "41a20518f0cb1256669420fdba0cd90d21561e560ac240f26ef8322e45bb7ed6"
      url: "https://pub.dev"
    source: hosted
    version: "2.0.0"
  octo_image:
    dependency: transitive
    description:
      name: octo_image
      sha256: "34faa6639a78c7e3cbe79be6f9f96535867e879748ade7d17c9b1ae7536293bd"
      url: "https://pub.dev"
    source: hosted
    version: "2.1.0"
  path:
    dependency: transitive
    description:
      name: path
      sha256: "75cca69d1490965be98c73ceaea117e8a04dd21217b37b292c9ddbec0d955bc5"
      url: "https://pub.dev"
    source: hosted
    version: "1.9.1"
  path_provider:
    dependency: "direct main"
    description:
      name: path_provider
      sha256: fec0d61223fba3154d87759e3cc27fe2c8dc498f6386c6d6fc80d1afdd1bf378
      url: "https://pub.dev"
    source: hosted
    version: "2.1.4"
  path_provider_android:
    dependency: transitive
    description:
      name: path_provider_android
      sha256: "0ca7359dad67fd7063cb2892ab0c0737b2daafd807cf1acecd62374c8fae6c12"
      url: "https://pub.dev"
    source: hosted
    version: "2.2.16"
  path_provider_foundation:
    dependency: transitive
    description:
      name: path_provider_foundation
      sha256: "4843174df4d288f5e29185bd6e72a6fbdf5a4a4602717eed565497429f179942"
      url: "https://pub.dev"
    source: hosted
    version: "2.4.1"
  path_provider_linux:
    dependency: transitive
    description:
      name: path_provider_linux
      sha256: f7a1fe3a634fe7734c8d3f2766ad746ae2a2884abe22e241a8b301bf5cac3279
      url: "https://pub.dev"
    source: hosted
    version: "2.2.1"
  path_provider_platform_interface:
    dependency: transitive
    description:
      name: path_provider_platform_interface
      sha256: "88f5779f72ba699763fa3a3b06aa4bf6de76c8e5de842cf6f29e2e06476c2334"
      url: "https://pub.dev"
    source: hosted
    version: "2.1.2"
  path_provider_windows:
    dependency: transitive
    description:
      name: path_provider_windows
      sha256: bd6f00dbd873bfb70d0761682da2b3a2c2fccc2b9e84c495821639601d81afe7
      url: "https://pub.dev"
    source: hosted
    version: "2.3.0"
  platform:
    dependency: transitive
    description:
      name: platform
      sha256: "5d6b1b0036a5f331ebc77c850ebc8506cbc1e9416c27e59b439f917a902a4984"
      url: "https://pub.dev"
    source: hosted
    version: "3.1.6"
  plugin_platform_interface:
    dependency: transitive
    description:
      name: plugin_platform_interface
      sha256: "4820fbfdb9478b1ebae27888254d445073732dae3d6ea81f0b7e06d5dedc3f02"
      url: "https://pub.dev"
    source: hosted
    version: "2.1.8"
  record:
    dependency: "direct main"
    description:
      name: record
      sha256: "3d08502b77edf2a864aa6e4cd7874b983d42a80f3689431da053cc5e85c1ad21"
      url: "https://pub.dev"
    source: hosted
    version: "6.1.0"
  record_android:
    dependency: transitive
    description:
      name: record_android
      sha256: "8b170e33d9866f9b51e01a767d7e1ecb97b9ecd629950bd87a47c79359ec57f8"
      url: "https://pub.dev"
    source: hosted
    version: "1.4.0"
  record_ios:
    dependency: transitive
    description:
      name: record_ios
      sha256: ad97d0a75933c44bcf5aff648e86e32fc05eb61f8fbef190f14968c8eaf86692
      url: "https://pub.dev"
    source: hosted
    version: "1.1.0"
  record_linux:
    dependency: transitive
    description:
      name: record_linux
      sha256: "235b1f1fb84e810f8149cc0c2c731d7d697f8d1c333b32cb820c449bf7bb72d8"
      url: "https://pub.dev"
    source: hosted
    version: "1.2.1"
  record_macos:
    dependency: transitive
    description:
      name: record_macos
      sha256: f1399bca76a1634da109e5b0cba764ed8332a2b4da49c704c66d2c553405ed81
      url: "https://pub.dev"
    source: hosted
    version: "1.1.0"
  record_platform_interface:
    dependency: transitive
    description:
      name: record_platform_interface
      sha256: b0065fdf1ec28f5a634d676724d388a77e43ce7646fb049949f58c69f3fcb4ed
      url: "https://pub.dev"
    source: hosted
    version: "1.4.0"
  record_web:
    dependency: transitive
    description:
      name: record_web
      sha256: "4f0adf20c9ccafcc02d71111fd91fba1ca7b17a7453902593e5a9b25b74a5c56"
      url: "https://pub.dev"
    source: hosted
    version: "1.2.0"
  record_windows:
    dependency: transitive
    description:
      name: record_windows
      sha256: "85a22fc97f6d73ecd67c8ba5f2f472b74ef1d906f795b7970f771a0914167e99"
      url: "https://pub.dev"
    source: hosted
    version: "1.0.6"
  rxdart:
    dependency: transitive
    description:
      name: rxdart
      sha256: "5c3004a4a8dbb94bd4bf5412a4def4acdaa12e12f269737a5751369e12d1a962"
      url: "https://pub.dev"
    source: hosted
    version: "0.28.0"
  scroll_to_index:
    dependency: "direct main"
    description:
      name: scroll_to_index
      sha256: b707546e7500d9f070d63e5acf74fd437ec7eeeb68d3412ef7b0afada0b4f176
      url: "https://pub.dev"
    source: hosted
    version: "3.0.1"
  shared_preferences:
    dependency: "direct main"
    description:
      name: shared_preferences
      sha256: d3bbe5553a986e83980916ded2f0b435ef2e1893dfaa29d5a7a790d0eca12180
      url: "https://pub.dev"
    source: hosted
    version: "2.2.3"
  shared_preferences_android:
    dependency: transitive
    description:
      name: shared_preferences_android
      sha256: "3ec7210872c4ba945e3244982918e502fa2bfb5230dff6832459ca0e1879b7ad"
      url: "https://pub.dev"
    source: hosted
    version: "2.4.8"
  shared_preferences_foundation:
    dependency: transitive
    description:
      name: shared_preferences_foundation
      sha256: "6a52cfcdaeac77cad8c97b539ff688ccfc458c007b4db12be584fbe5c0e49e03"
      url: "https://pub.dev"
    source: hosted
    version: "2.5.4"
  shared_preferences_linux:
    dependency: transitive
    description:
      name: shared_preferences_linux
      sha256: "580abfd40f415611503cae30adf626e6656dfb2f0cee8f465ece7b6defb40f2f"
      url: "https://pub.dev"
    source: hosted
    version: "2.4.1"
  shared_preferences_platform_interface:
    dependency: transitive
    description:
      name: shared_preferences_platform_interface
      sha256: "57cbf196c486bc2cf1f02b85784932c6094376284b3ad5779d1b1c6c6a816b80"
      url: "https://pub.dev"
    source: hosted
    version: "2.4.1"
  shared_preferences_web:
    dependency: transitive
    description:
      name: shared_preferences_web
      sha256: c49bd060261c9a3f0ff445892695d6212ff603ef3115edbb448509d407600019
      url: "https://pub.dev"
    source: hosted
    version: "2.4.3"
  shared_preferences_windows:
    dependency: transitive
    description:
      name: shared_preferences_windows
      sha256: "94ef0f72b2d71bc3e700e025db3710911bd51a71cefb65cc609dd0d9a982e3c1"
      url: "https://pub.dev"
    source: hosted
    version: "2.4.1"
  sky_engine:
    dependency: transitive
    description: flutter
    source: sdk
    version: "0.0.0"
  source_span:
    dependency: transitive
    description:
      name: source_span
      sha256: "254ee5351d6cb365c859e20ee823c3bb479bf4a293c22d17a9f1bf144ce86f7c"
      url: "https://pub.dev"
    source: hosted
    version: "1.10.1"
  sprintf:
    dependency: transitive
    description:
      name: sprintf
      sha256: "1fc9ffe69d4df602376b52949af107d8f5703b77cda567c4d7d86a0693120f23"
      url: "https://pub.dev"
    source: hosted
    version: "7.0.0"
  sqflite:
    dependency: transitive
    description:
      name: sqflite
      sha256: "2d7299468485dca85efeeadf5d38986909c5eb0cd71fd3db2c2f000e6c9454bb"
      url: "https://pub.dev"
    source: hosted
    version: "2.4.1"
  sqflite_android:
    dependency: transitive
    description:
      name: sqflite_android
      sha256: "78f489aab276260cdd26676d2169446c7ecd3484bbd5fead4ca14f3ed4dd9ee3"
      url: "https://pub.dev"
    source: hosted
    version: "2.4.0"
  sqflite_common:
    dependency: transitive
    description:
      name: sqflite_common
      sha256: "761b9740ecbd4d3e66b8916d784e581861fd3c3553eda85e167bc49fdb68f709"
      url: "https://pub.dev"
    source: hosted
    version: "2.5.4+6"
  sqflite_darwin:
    dependency: transitive
    description:
      name: sqflite_darwin
      sha256: "22adfd9a2c7d634041e96d6241e6e1c8138ca6817018afc5d443fef91dcefa9c"
      url: "https://pub.dev"
    source: hosted
    version: "2.4.1+1"
  sqflite_platform_interface:
    dependency: transitive
    description:
      name: sqflite_platform_interface
      sha256: "8dd4515c7bdcae0a785b0062859336de775e8c65db81ae33dd5445f35be61920"
      url: "https://pub.dev"
    source: hosted
    version: "2.4.0"
  stack_trace:
    dependency: transitive
    description:
      name: stack_trace
      sha256: "8b27215b45d22309b5cddda1aa2b19bdfec9df0e765f2de506401c071d38d1b1"
      url: "https://pub.dev"
    source: hosted
    version: "1.12.1"
  stream_channel:
    dependency: transitive
    description:
      name: stream_channel
      sha256: "969e04c80b8bcdf826f8f16579c7b14d780458bd97f56d107d3950fdbeef059d"
      url: "https://pub.dev"
    source: hosted
    version: "2.1.4"
  string_scanner:
    dependency: transitive
    description:
      name: string_scanner
      sha256: "921cd31725b72fe181906c6a94d987c78e3b98c2e205b397ea399d4054872b43"
      url: "https://pub.dev"
    source: hosted
    version: "1.4.1"
  synchronized:
    dependency: transitive
    description:
      name: synchronized
      sha256: "69fe30f3a8b04a0be0c15ae6490fc859a78ef4c43ae2dd5e8a623d45bfcf9225"
      url: "https://pub.dev"
    source: hosted
    version: "3.3.0+3"
  term_glyph:
    dependency: transitive
    description:
      name: term_glyph
      sha256: "7f554798625ea768a7518313e58f83891c7f5024f88e46e7182a4558850a4b8e"
      url: "https://pub.dev"
    source: hosted
    version: "1.2.2"
  test_api:
    dependency: transitive
    description:
      name: test_api
      sha256: "8161c84903fd860b26bfdefb7963b3f0b68fee7adea0f59ef805ecca346f0c7a"
      url: "https://pub.dev"
    source: hosted
    version: "0.7.10"
  typed_data:
    dependency: transitive
    description:
      name: typed_data
      sha256: f9049c039ebfeb4cf7a7104a675823cd72dba8297f264b6637062516699fa006
      url: "https://pub.dev"
    source: hosted
    version: "1.4.0"
  uuid:
    dependency: transitive
    description:
      name: uuid
      sha256: a5be9ef6618a7ac1e964353ef476418026db906c4facdedaa299b7a2e71690ff
      url: "https://pub.dev"
    source: hosted
    version: "4.5.1"
  vector_math:
    dependency: transitive
    description:
      name: vector_math
      sha256: d530bd74fea330e6e364cda7a85019c434070188383e1cd8d9777ee586914c5b
      url: "https://pub.dev"
    source: hosted
    version: "2.2.0"
  video_player:
    dependency: "direct main"
    description:
      name: video_player
      sha256: "7d78f0cfaddc8c19d4cb2d3bebe1bfef11f2103b0a03e5398b303a1bf65eeb14"
      url: "https://pub.dev"
    source: hosted
    version: "2.9.5"
  video_player_android:
    dependency: transitive
    description:
      name: video_player_android
      sha256: "53f3b57c7ac88c18e6074d0f94c7146e128c515f0a4503c3061b8e71dea3a0f2"
      url: "https://pub.dev"
    source: hosted
    version: "2.8.12"
  video_player_avfoundation:
    dependency: transitive
    description:
      name: video_player_avfoundation
      sha256: "84b4752745eeccb6e75865c9aab39b3d28eb27ba5726d352d45db8297fbd75bc"
      url: "https://pub.dev"
    source: hosted
    version: "2.7.0"
  video_player_platform_interface:
    dependency: transitive
    description:
      name: video_player_platform_interface
      sha256: df534476c341ab2c6a835078066fc681b8265048addd853a1e3c78740316a844
      url: "https://pub.dev"
    source: hosted
    version: "6.3.0"
  video_player_web:
    dependency: transitive
    description:
      name: video_player_web
      sha256: "3ef40ea6d72434edbfdba4624b90fd3a80a0740d260667d91e7ecd2d79e13476"
      url: "https://pub.dev"
    source: hosted
    version: "2.3.4"
  vm_service:
    dependency: transitive
    description:
      name: vm_service
      sha256: "0968250880a6c5fe7edc067ed0a13d4bae1577fe2771dcf3010d52c4a9d3ca14"
      url: "https://pub.dev"
    source: hosted
    version: "14.3.1"
  web:
    dependency: transitive
    description:
      name: web
      sha256: "868d88a33d8a87b18ffc05f9f030ba328ffefba92d6c127917a2ba740f9cfe4a"
      url: "https://pub.dev"
    source: hosted
    version: "1.1.1"
  win32:
    dependency: transitive
    description:
      name: win32
      sha256: "329edf97fdd893e0f1e3b9e88d6a0e627128cc17cc316a8d67fda8f1451178ba"
      url: "https://pub.dev"
    source: hosted
    version: "5.13.0"
  xdg_directories:
    dependency: transitive
    description:
      name: xdg_directories
      sha256: "7a3f37b05d989967cdddcbb571f1ea834867ae2faa29725fd085180e0883aa15"
      url: "https://pub.dev"
    source: hosted
    version: "1.1.0"
sdks:
  dart: ">=3.9.0-0 <4.0.0"
  flutter: ">=3.29.0"
